
Microsoft Visual Studio Solution File, Format Version 12.00
# Visual Studio Version 16
VisualStudioVersion = 16.0.30406.217
MinimumVisualStudioVersion = 15.0.26124.0
Project("{2150E333-8FDC-42A3-9474-1A3956D46DE8}") = "src", "src", "{BA3B3BDB-3F44-4159-96CD-E77B2448A55E}"
EndProject
Project("{9A19103F-16F7-4668-BE54-9A1E7A4F7556}") = "Xfrogcn.AspNetCore.Extensions", "src\Extensions\Xfrogcn.AspNetCore.Extensions.csproj", "{017CAED4-F5D2-443B-B262-743A20502247}"
EndProject
Project("{2150E333-8FDC-42A3-9474-1A3956D46DE8}") = "test", "test", "{3866AE47-F016-4B97-842A-4278BDA57C6C}"
EndProject
Project("{9A19103F-16F7-4668-BE54-9A1E7A4F7556}") = "Extensions.Tests", "test\Extensions.Tests\Extensions.Tests.csproj", "{7199E91A-B68C-4715-BD03-01885071C15E}"
EndProject
Project("{9A19103F-16F7-4668-BE54-9A1E7A4F7556}") = "Xfrogcn.AspNetCore.Extensions.RedisQueueProducer", "src\Extensions.RedisQueueProducer\Xfrogcn.AspNetCore.Extensions.RedisQueueProducer.csproj", "{45718165-C0AD-4D7B-A513-63F155892316}"
EndProject
Project("{2150E333-8FDC-42A3-9474-1A3956D46DE8}") = "Solution Items", "Solution Items", "{DCBB57DB-83B9-4A7D-872E-DCA6B44A9C61}"
	ProjectSection(SolutionItems) = preProject
		.gitignore = .gitignore
		.gitignorecd = .gitignorecd
		Directory.Build.props = Directory.Build.props
		README.md = README.md
	EndProjectSection
EndProject
Project("{2150E333-8FDC-42A3-9474-1A3956D46DE8}") = "examples", "examples", "{7F67DE65-F862-4A21-8A1F-BE02F9342EFB}"
EndProject
Project("{2150E333-8FDC-42A3-9474-1A3956D46DE8}") = "Logging", "Logging", "{600E9390-57C8-4670-AB03-731B51C60642}"
EndProject
Project("{9A19103F-16F7-4668-BE54-9A1E7A4F7556}") = "NormalConsoleLogging", "examples\Logging\NormalConsoleLogging\NormalConsoleLogging.csproj", "{EC6DFB3A-C724-4CF0-B631-157D8A187BED}"
EndProject
Project("{9A19103F-16F7-4668-BE54-9A1E7A4F7556}") = "JsonConsoleLogging", "examples\Logging\JsonConsoleLogging\JsonConsoleLogging.csproj", "{9698FCDA-7E88-4FA9-9EC6-8F10A9C867AA}"
EndProject
Project("{9A19103F-16F7-4668-BE54-9A1E7A4F7556}") = "NormalFileLogging", "examples\Logging\NormalFileLogging\NormalFileLogging.csproj", "{41F7C618-09D9-4E65-B29F-D16A8A5F35FA}"
EndProject
Project("{9A19103F-16F7-4668-BE54-9A1E7A4F7556}") = "JsonFileLogging", "examples\Logging\JsonFileLogging\JsonFileLogging.csproj", "{09121C5E-F59D-450C-9331-0675DF3749E8}"
EndProject
Project("{2150E333-8FDC-42A3-9474-1A3956D46DE8}") = "AutoMapper", "AutoMapper", "{83B4CB55-A0BB-461D-B772-4625EBBDE49F}"
EndProject
Project("{9A19103F-16F7-4668-BE54-9A1E7A4F7556}") = "Example", "examples\AutoMapper\Example\Example.csproj", "{37EECC5E-028E-46AC-BBB1-0971DE723693}"
EndProject
Project("{2150E333-8FDC-42A3-9474-1A3956D46DE8}") = "Http", "Http", "{93FB9EA8-D911-408A-B66F-F3497C52DE29}"
EndProject
Project("{FAE04EC0-301F-11D3-BF4B-00C04F79EFBC}") = "RequestLog", "examples\Http\RequestLog\RequestLog.csproj", "{499CB8C2-6F0E-4041-AE85-D50D19726F17}"
EndProject
Project("{FAE04EC0-301F-11D3-BF4B-00C04F79EFBC}") = "ApiServer", "examples\Http\ApiServer\ApiServer.csproj", "{FFCD3404-41EC-4E6C-BF92-E8F4D33CAD7F}"
EndProject
Global
	GlobalSection(SolutionConfigurationPlatforms) = preSolution
		Debug|Any CPU = Debug|Any CPU
		Debug|x64 = Debug|x64
		Debug|x86 = Debug|x86
		Release|Any CPU = Release|Any CPU
		Release|x64 = Release|x64
		Release|x86 = Release|x86
	EndGlobalSection
	GlobalSection(ProjectConfigurationPlatforms) = postSolution
		{017CAED4-F5D2-443B-B262-743A20502247}.Debug|Any CPU.ActiveCfg = Debug|Any CPU
		{017CAED4-F5D2-443B-B262-743A20502247}.Debug|Any CPU.Build.0 = Debug|Any CPU
		{017CAED4-F5D2-443B-B262-743A20502247}.Debug|x64.ActiveCfg = Debug|Any CPU
		{017CAED4-F5D2-443B-B262-743A20502247}.Debug|x64.Build.0 = Debug|Any CPU
		{017CAED4-F5D2-443B-B262-743A20502247}.Debug|x86.ActiveCfg = Debug|Any CPU
		{017CAED4-F5D2-443B-B262-743A20502247}.Debug|x86.Build.0 = Debug|Any CPU
		{017CAED4-F5D2-443B-B262-743A20502247}.Release|Any CPU.ActiveCfg = Release|Any CPU
		{017CAED4-F5D2-443B-B262-743A20502247}.Release|Any CPU.Build.0 = Release|Any CPU
		{017CAED4-F5D2-443B-B262-743A20502247}.Release|x64.ActiveCfg = Release|Any CPU
		{017CAED4-F5D2-443B-B262-743A20502247}.Release|x64.Build.0 = Release|Any CPU
		{017CAED4-F5D2-443B-B262-743A20502247}.Release|x86.ActiveCfg = Release|Any CPU
		{017CAED4-F5D2-443B-B262-743A20502247}.Release|x86.Build.0 = Release|Any CPU
		{7199E91A-B68C-4715-BD03-01885071C15E}.Debug|Any CPU.ActiveCfg = Debug|Any CPU
		{7199E91A-B68C-4715-BD03-01885071C15E}.Debug|Any CPU.Build.0 = Debug|Any CPU
		{7199E91A-B68C-4715-BD03-01885071C15E}.Debug|x64.ActiveCfg = Debug|Any CPU
		{7199E91A-B68C-4715-BD03-01885071C15E}.Debug|x64.Build.0 = Debug|Any CPU
		{7199E91A-B68C-4715-BD03-01885071C15E}.Debug|x86.ActiveCfg = Debug|Any CPU
		{7199E91A-B68C-4715-BD03-01885071C15E}.Debug|x86.Build.0 = Debug|Any CPU
		{7199E91A-B68C-4715-BD03-01885071C15E}.Release|Any CPU.ActiveCfg = Release|Any CPU
		{7199E91A-B68C-4715-BD03-01885071C15E}.Release|Any CPU.Build.0 = Release|Any CPU
		{7199E91A-B68C-4715-BD03-01885071C15E}.Release|x64.ActiveCfg = Release|Any CPU
		{7199E91A-B68C-4715-BD03-01885071C15E}.Release|x64.Build.0 = Release|Any CPU
		{7199E91A-B68C-4715-BD03-01885071C15E}.Release|x86.ActiveCfg = Release|Any CPU
		{7199E91A-B68C-4715-BD03-01885071C15E}.Release|x86.Build.0 = Release|Any CPU
		{45718165-C0AD-4D7B-A513-63F155892316}.Debug|Any CPU.ActiveCfg = Debug|Any CPU
		{45718165-C0AD-4D7B-A513-63F155892316}.Debug|Any CPU.Build.0 = Debug|Any CPU
		{45718165-C0AD-4D7B-A513-63F155892316}.Debug|x64.ActiveCfg = Debug|Any CPU
		{45718165-C0AD-4D7B-A513-63F155892316}.Debug|x64.Build.0 = Debug|Any CPU
		{45718165-C0AD-4D7B-A513-63F155892316}.Debug|x86.ActiveCfg = Debug|Any CPU
		{45718165-C0AD-4D7B-A513-63F155892316}.Debug|x86.Build.0 = Debug|Any CPU
		{45718165-C0AD-4D7B-A513-63F155892316}.Release|Any CPU.ActiveCfg = Release|Any CPU
		{45718165-C0AD-4D7B-A513-63F155892316}.Release|Any CPU.Build.0 = Release|Any CPU
		{45718165-C0AD-4D7B-A513-63F155892316}.Release|x64.ActiveCfg = Release|Any CPU
		{45718165-C0AD-4D7B-A513-63F155892316}.Release|x64.Build.0 = Release|Any CPU
		{45718165-C0AD-4D7B-A513-63F155892316}.Release|x86.ActiveCfg = Release|Any CPU
		{45718165-C0AD-4D7B-A513-63F155892316}.Release|x86.Build.0 = Release|Any CPU
		{EC6DFB3A-C724-4CF0-B631-157D8A187BED}.Debug|Any CPU.ActiveCfg = Debug|Any CPU
		{EC6DFB3A-C724-4CF0-B631-157D8A187BED}.Debug|Any CPU.Build.0 = Debug|Any CPU
		{EC6DFB3A-C724-4CF0-B631-157D8A187BED}.Debug|x64.ActiveCfg = Debug|Any CPU
		{EC6DFB3A-C724-4CF0-B631-157D8A187BED}.Debug|x64.Build.0 = Debug|Any CPU
		{EC6DFB3A-C724-4CF0-B631-157D8A187BED}.Debug|x86.ActiveCfg = Debug|Any CPU
		{EC6DFB3A-C724-4CF0-B631-157D8A187BED}.Debug|x86.Build.0 = Debug|Any CPU
		{EC6DFB3A-C724-4CF0-B631-157D8A187BED}.Release|Any CPU.ActiveCfg = Release|Any CPU
		{EC6DFB3A-C724-4CF0-B631-157D8A187BED}.Release|Any CPU.Build.0 = Release|Any CPU
		{EC6DFB3A-C724-4CF0-B631-157D8A187BED}.Release|x64.ActiveCfg = Release|Any CPU
		{EC6DFB3A-C724-4CF0-B631-157D8A187BED}.Release|x64.Build.0 = Release|Any CPU
		{EC6DFB3A-C724-4CF0-B631-157D8A187BED}.Release|x86.ActiveCfg = Release|Any CPU
		{EC6DFB3A-C724-4CF0-B631-157D8A187BED}.Release|x86.Build.0 = Release|Any CPU
		{9698FCDA-7E88-4FA9-9EC6-8F10A9C867AA}.Debug|Any CPU.ActiveCfg = Debug|Any CPU
		{9698FCDA-7E88-4FA9-9EC6-8F10A9C867AA}.Debug|Any CPU.Build.0 = Debug|Any CPU
		{9698FCDA-7E88-4FA9-9EC6-8F10A9C867AA}.Debug|x64.ActiveCfg = Debug|Any CPU
		{9698FCDA-7E88-4FA9-9EC6-8F10A9C867AA}.Debug|x64.Build.0 = Debug|Any CPU
		{9698FCDA-7E88-4FA9-9EC6-8F10A9C867AA}.Debug|x86.ActiveCfg = Debug|Any CPU
		{9698FCDA-7E88-4FA9-9EC6-8F10A9C867AA}.Debug|x86.Build.0 = Debug|Any CPU
		{9698FCDA-7E88-4FA9-9EC6-8F10A9C867AA}.Release|Any CPU.ActiveCfg = Release|Any CPU
		{9698FCDA-7E88-4FA9-9EC6-8F10A9C867AA}.Release|Any CPU.Build.0 = Release|Any CPU
		{9698FCDA-7E88-4FA9-9EC6-8F10A9C867AA}.Release|x64.ActiveCfg = Release|Any CPU
		{9698FCDA-7E88-4FA9-9EC6-8F10A9C867AA}.Release|x64.Build.0 = Release|Any CPU
		{9698FCDA-7E88-4FA9-9EC6-8F10A9C867AA}.Release|x86.ActiveCfg = Release|Any CPU
		{9698FCDA-7E88-4FA9-9EC6-8F10A9C867AA}.Release|x86.Build.0 = Release|Any CPU
		{41F7C618-09D9-4E65-B29F-D16A8A5F35FA}.Debug|Any CPU.ActiveCfg = Debug|Any CPU
		{41F7C618-09D9-4E65-B29F-D16A8A5F35FA}.Debug|Any CPU.Build.0 = Debug|Any CPU
		{41F7C618-09D9-4E65-B29F-D16A8A5F35FA}.Debug|x64.ActiveCfg = Debug|Any CPU
		{41F7C618-09D9-4E65-B29F-D16A8A5F35FA}.Debug|x64.Build.0 = Debug|Any CPU
		{41F7C618-09D9-4E65-B29F-D16A8A5F35FA}.Debug|x86.ActiveCfg = Debug|Any CPU
		{41F7C618-09D9-4E65-B29F-D16A8A5F35FA}.Debug|x86.Build.0 = Debug|Any CPU
		{41F7C618-09D9-4E65-B29F-D16A8A5F35FA}.Release|Any CPU.ActiveCfg = Release|Any CPU
		{41F7C618-09D9-4E65-B29F-D16A8A5F35FA}.Release|Any CPU.Build.0 = Release|Any CPU
		{41F7C618-09D9-4E65-B29F-D16A8A5F35FA}.Release|x64.ActiveCfg = Release|Any CPU
		{41F7C618-09D9-4E65-B29F-D16A8A5F35FA}.Release|x64.Build.0 = Release|Any CPU
		{41F7C618-09D9-4E65-B29F-D16A8A5F35FA}.Release|x86.ActiveCfg = Release|Any CPU
		{41F7C618-09D9-4E65-B29F-D16A8A5F35FA}.Release|x86.Build.0 = Release|Any CPU
		{09121C5E-F59D-450C-9331-0675DF3749E8}.Debug|Any CPU.ActiveCfg = Debug|Any CPU
		{09121C5E-F59D-450C-9331-0675DF3749E8}.Debug|Any CPU.Build.0 = Debug|Any CPU
		{09121C5E-F59D-450C-9331-0675DF3749E8}.Debug|x64.ActiveCfg = Debug|Any CPU
		{09121C5E-F59D-450C-9331-0675DF3749E8}.Debug|x64.Build.0 = Debug|Any CPU
		{09121C5E-F59D-450C-9331-0675DF3749E8}.Debug|x86.ActiveCfg = Debug|Any CPU
		{09121C5E-F59D-450C-9331-0675DF3749E8}.Debug|x86.Build.0 = Debug|Any CPU
		{09121C5E-F59D-450C-9331-0675DF3749E8}.Release|Any CPU.ActiveCfg = Release|Any CPU
		{09121C5E-F59D-450C-9331-0675DF3749E8}.Release|Any CPU.Build.0 = Release|Any CPU
		{09121C5E-F59D-450C-9331-0675DF3749E8}.Release|x64.ActiveCfg = Release|Any CPU
		{09121C5E-F59D-450C-9331-0675DF3749E8}.Release|x64.Build.0 = Release|Any CPU
		{09121C5E-F59D-450C-9331-0675DF3749E8}.Release|x86.ActiveCfg = Release|Any CPU
		{09121C5E-F59D-450C-9331-0675DF3749E8}.Release|x86.Build.0 = Release|Any CPU
		{37EECC5E-028E-46AC-BBB1-0971DE723693}.Debug|Any CPU.ActiveCfg = Debug|Any CPU
		{37EECC5E-028E-46AC-BBB1-0971DE723693}.Debug|Any CPU.Build.0 = Debug|Any CPU
		{37EECC5E-028E-46AC-BBB1-0971DE723693}.Debug|x64.ActiveCfg = Debug|Any CPU
		{37EECC5E-028E-46AC-BBB1-0971DE723693}.Debug|x64.Build.0 = Debug|Any CPU
		{37EECC5E-028E-46AC-BBB1-0971DE723693}.Debug|x86.ActiveCfg = Debug|Any CPU
		{37EECC5E-028E-46AC-BBB1-0971DE723693}.Debug|x86.Build.0 = Debug|Any CPU
		{37EECC5E-028E-46AC-BBB1-0971DE723693}.Release|Any CPU.ActiveCfg = Release|Any CPU
		{37EECC5E-028E-46AC-BBB1-0971DE723693}.Release|Any CPU.Build.0 = Release|Any CPU
		{37EECC5E-028E-46AC-BBB1-0971DE723693}.Release|x64.ActiveCfg = Release|Any CPU
		{37EECC5E-028E-46AC-BBB1-0971DE723693}.Release|x64.Build.0 = Release|Any CPU
		{37EECC5E-028E-46AC-BBB1-0971DE723693}.Release|x86.ActiveCfg = Release|Any CPU
		{37EECC5E-028E-46AC-BBB1-0971DE723693}.Release|x86.Build.0 = Release|Any CPU
		{499CB8C2-6F0E-4041-AE85-D50D19726F17}.Debug|Any CPU.ActiveCfg = Debug|Any CPU
		{499CB8C2-6F0E-4041-AE85-D50D19726F17}.Debug|Any CPU.Build.0 = Debug|Any CPU
		{499CB8C2-6F0E-4041-AE85-D50D19726F17}.Debug|x64.ActiveCfg = Debug|Any CPU
		{499CB8C2-6F0E-4041-AE85-D50D19726F17}.Debug|x64.Build.0 = Debug|Any CPU
		{499CB8C2-6F0E-4041-AE85-D50D19726F17}.Debug|x86.ActiveCfg = Debug|Any CPU
		{499CB8C2-6F0E-4041-AE85-D50D19726F17}.Debug|x86.Build.0 = Debug|Any CPU
		{499CB8C2-6F0E-4041-AE85-D50D19726F17}.Release|Any CPU.ActiveCfg = Release|Any CPU
		{499CB8C2-6F0E-4041-AE85-D50D19726F17}.Release|Any CPU.Build.0 = Release|Any CPU
		{499CB8C2-6F0E-4041-AE85-D50D19726F17}.Release|x64.ActiveCfg = Release|Any CPU
		{499CB8C2-6F0E-4041-AE85-D50D19726F17}.Release|x64.Build.0 = Release|Any CPU
		{499CB8C2-6F0E-4041-AE85-D50D19726F17}.Release|x86.ActiveCfg = Release|Any CPU
		{499CB8C2-6F0E-4041-AE85-D50D19726F17}.Release|x86.Build.0 = Release|Any CPU
		{FFCD3404-41EC-4E6C-BF92-E8F4D33CAD7F}.Debug|Any CPU.ActiveCfg = Debug|Any CPU
		{FFCD3404-41EC-4E6C-BF92-E8F4D33CAD7F}.Debug|Any CPU.Build.0 = Debug|Any CPU
		{FFCD3404-41EC-4E6C-BF92-E8F4D33CAD7F}.Debug|x64.ActiveCfg = Debug|Any CPU
		{FFCD3404-41EC-4E6C-BF92-E8F4D33CAD7F}.Debug|x64.Build.0 = Debug|Any CPU
		{FFCD3404-41EC-4E6C-BF92-E8F4D33CAD7F}.Debug|x86.ActiveCfg = Debug|Any CPU
		{FFCD3404-41EC-4E6C-BF92-E8F4D33CAD7F}.Debug|x86.Build.0 = Debug|Any CPU
		{FFCD3404-41EC-4E6C-BF92-E8F4D33CAD7F}.Release|Any CPU.ActiveCfg = Release|Any CPU
		{FFCD3404-41EC-4E6C-BF92-E8F4D33CAD7F}.Release|Any CPU.Build.0 = Release|Any CPU
		{FFCD3404-41EC-4E6C-BF92-E8F4D33CAD7F}.Release|x64.ActiveCfg = Release|Any CPU
		{FFCD3404-41EC-4E6C-BF92-E8F4D33CAD7F}.Release|x64.Build.0 = Release|Any CPU
		{FFCD3404-41EC-4E6C-BF92-E8F4D33CAD7F}.Release|x86.ActiveCfg = Release|Any CPU
		{FFCD3404-41EC-4E6C-BF92-E8F4D33CAD7F}.Release|x86.Build.0 = Release|Any CPU
	EndGlobalSection
	GlobalSection(SolutionProperties) = preSolution
		HideSolutionNode = FALSE
	EndGlobalSection
	GlobalSection(NestedProjects) = preSolution
		{017CAED4-F5D2-443B-B262-743A20502247} = {BA3B3BDB-3F44-4159-96CD-E77B2448A55E}
		{7199E91A-B68C-4715-BD03-01885071C15E} = {3866AE47-F016-4B97-842A-4278BDA57C6C}
		{45718165-C0AD-4D7B-A513-63F155892316} = {BA3B3BDB-3F44-4159-96CD-E77B2448A55E}
		{600E9390-57C8-4670-AB03-731B51C60642} = {7F67DE65-F862-4A21-8A1F-BE02F9342EFB}
		{EC6DFB3A-C724-4CF0-B631-157D8A187BED} = {600E9390-57C8-4670-AB03-731B51C60642}
		{9698FCDA-7E88-4FA9-9EC6-8F10A9C867AA} = {600E9390-57C8-4670-AB03-731B51C60642}
		{41F7C618-09D9-4E65-B29F-D16A8A5F35FA} = {600E9390-57C8-4670-AB03-731B51C60642}
		{09121C5E-F59D-450C-9331-0675DF3749E8} = {600E9390-57C8-4670-AB03-731B51C60642}
		{83B4CB55-A0BB-461D-B772-4625EBBDE49F} = {7F67DE65-F862-4A21-8A1F-BE02F9342EFB}
		{37EECC5E-028E-46AC-BBB1-0971DE723693} = {83B4CB55-A0BB-461D-B772-4625EBBDE49F}
		{93FB9EA8-D911-408A-B66F-F3497C52DE29} = {7F67DE65-F862-4A21-8A1F-BE02F9342EFB}
		{499CB8C2-6F0E-4041-AE85-D50D19726F17} = {93FB9EA8-D911-408A-B66F-F3497C52DE29}
		{FFCD3404-41EC-4E6C-BF92-E8F4D33CAD7F} = {93FB9EA8-D911-408A-B66F-F3497C52DE29}
	EndGlobalSection
	GlobalSection(ExtensibilityGlobals) = postSolution
		SolutionGuid = {57D0ED61-2307-43F1-81FE-9712E71738A9}
	EndGlobalSection
EndGlobal
