
Microsoft Visual Studio Solution File, Format Version 12.00
# Visual Studio 15
VisualStudioVersion = 15.0.26124.0
MinimumVisualStudioVersion = 15.0.26124.0
Project("{2150E333-8FDC-42A3-9474-1A3956D46DE8}") = "src", "src", "{BA3B3BDB-3F44-4159-96CD-E77B2448A55E}"
EndProject
Project("{FAE04EC0-301F-11D3-BF4B-00C04F79EFBC}") = "Xfrogcn.AspNetCore.Extensions", "src\Extensions\Xfrogcn.AspNetCore.Extensions.csproj", "{017CAED4-F5D2-443B-B262-743A20502247}"
EndProject
Project("{2150E333-8FDC-42A3-9474-1A3956D46DE8}") = "test", "test", "{3866AE47-F016-4B97-842A-4278BDA57C6C}"
EndProject
Project("{FAE04EC0-301F-11D3-BF4B-00C04F79EFBC}") = "Extensions.Tests", "test\Extensions.Tests\Extensions.Tests.csproj", "{7199E91A-B68C-4715-BD03-01885071C15E}"
EndProject
Global
	GlobalSection(SolutionConfigurationPlatforms) = preSolution
		Debug|Any CPU = Debug|Any CPU
		Debug|x64 = Debug|x64
		Debug|x86 = Debug|x86
		Release|Any CPU = Release|Any CPU
		Release|x64 = Release|x64
		Release|x86 = Release|x86
	EndGlobalSection
	GlobalSection(SolutionProperties) = preSolution
		HideSolutionNode = FALSE
	EndGlobalSection
	GlobalSection(ProjectConfigurationPlatforms) = postSolution
		{017CAED4-F5D2-443B-B262-743A20502247}.Debug|Any CPU.ActiveCfg = Debug|Any CPU
		{017CAED4-F5D2-443B-B262-743A20502247}.Debug|Any CPU.Build.0 = Debug|Any CPU
		{017CAED4-F5D2-443B-B262-743A20502247}.Debug|x64.ActiveCfg = Debug|Any CPU
		{017CAED4-F5D2-443B-B262-743A20502247}.Debug|x64.Build.0 = Debug|Any CPU
		{017CAED4-F5D2-443B-B262-743A20502247}.Debug|x86.ActiveCfg = Debug|Any CPU
		{017CAED4-F5D2-443B-B262-743A20502247}.Debug|x86.Build.0 = Debug|Any CPU
		{017CAED4-F5D2-443B-B262-743A20502247}.Release|Any CPU.ActiveCfg = Release|Any CPU
		{017CAED4-F5D2-443B-B262-743A20502247}.Release|Any CPU.Build.0 = Release|Any CPU
		{017CAED4-F5D2-443B-B262-743A20502247}.Release|x64.ActiveCfg = Release|Any CPU
		{017CAED4-F5D2-443B-B262-743A20502247}.Release|x64.Build.0 = Release|Any CPU
		{017CAED4-F5D2-443B-B262-743A20502247}.Release|x86.ActiveCfg = Release|Any CPU
		{017CAED4-F5D2-443B-B262-743A20502247}.Release|x86.Build.0 = Release|Any CPU
		{7199E91A-B68C-4715-BD03-01885071C15E}.Debug|Any CPU.ActiveCfg = Debug|Any CPU
		{7199E91A-B68C-4715-BD03-01885071C15E}.Debug|Any CPU.Build.0 = Debug|Any CPU
		{7199E91A-B68C-4715-BD03-01885071C15E}.Debug|x64.ActiveCfg = Debug|Any CPU
		{7199E91A-B68C-4715-BD03-01885071C15E}.Debug|x64.Build.0 = Debug|Any CPU
		{7199E91A-B68C-4715-BD03-01885071C15E}.Debug|x86.ActiveCfg = Debug|Any CPU
		{7199E91A-B68C-4715-BD03-01885071C15E}.Debug|x86.Build.0 = Debug|Any CPU
		{7199E91A-B68C-4715-BD03-01885071C15E}.Release|Any CPU.ActiveCfg = Release|Any CPU
		{7199E91A-B68C-4715-BD03-01885071C15E}.Release|Any CPU.Build.0 = Release|Any CPU
		{7199E91A-B68C-4715-BD03-01885071C15E}.Release|x64.ActiveCfg = Release|Any CPU
		{7199E91A-B68C-4715-BD03-01885071C15E}.Release|x64.Build.0 = Release|Any CPU
		{7199E91A-B68C-4715-BD03-01885071C15E}.Release|x86.ActiveCfg = Release|Any CPU
		{7199E91A-B68C-4715-BD03-01885071C15E}.Release|x86.Build.0 = Release|Any CPU
	EndGlobalSection
	GlobalSection(NestedProjects) = preSolution
		{017CAED4-F5D2-443B-B262-743A20502247} = {BA3B3BDB-3F44-4159-96CD-E77B2448A55E}
		{7199E91A-B68C-4715-BD03-01885071C15E} = {3866AE47-F016-4B97-842A-4278BDA57C6C}
	EndGlobalSection
EndGlobal
